// !$*UTF8*$!
{
	archiveVersion = 1;
	classes = {
	};
	objectVersion = 51;
	objects = {

/* Begin PBXBuildFile section */
		B3FCE70427237FD300D0D040 /* AppDelegate.swift in Sources */ = {isa = PBXBuildFile; fileRef = B3FCE70327237FD300D0D040 /* AppDelegate.swift */; };
		B3FCE70627237FD300D0D040 /* SceneDelegate.swift in Sources */ = {isa = PBXBuildFile; fileRef = B3FCE70527237FD300D0D040 /* SceneDelegate.swift */; };
		B3FCE70827237FD300D0D040 /* ViewController.swift in Sources */ = {isa = PBXBuildFile; fileRef = B3FCE70727237FD300D0D040 /* ViewController.swift */; };
		B3FCE70B27237FD300D0D040 /* Main.storyboard in Resources */ = {isa = PBXBuildFile; fileRef = B3FCE70927237FD300D0D040 /* Main.storyboard */; };
		B3FCE70D27237FD400D0D040 /* Assets.xcassets in Resources */ = {isa = PBXBuildFile; fileRef = B3FCE70C27237FD400D0D040 /* Assets.xcassets */; };
		B3FCE71027237FD400D0D040 /* LaunchScreen.storyboard in Resources */ = {isa = PBXBuildFile; fileRef = B3FCE70E27237FD400D0D040 /* LaunchScreen.storyboard */; };
		BF7D2CD9794B434562C6683B /* Pods_proyectoFinal_2.framework in Frameworks */ = {isa = PBXBuildFile; fileRef = A2CBE4A7C616B0EC801B8D17 /* Pods_proyectoFinal_2.framework */; };
		D1645727272A271E00956D88 /* AmigosTableViewCell.swift in Sources */ = {isa = PBXBuildFile; fileRef = D1645726272A271E00956D88 /* AmigosTableViewCell.swift */; };
		D1A4E45A272C660100C93B90 /* MenuViewController.swift in Sources */ = {isa = PBXBuildFile; fileRef = D1A4E459272C660100C93B90 /* MenuViewController.swift */; };
		D1A4E45C272C784E00C93B90 /* InvitacionesViewController.swift in Sources */ = {isa = PBXBuildFile; fileRef = D1A4E45B272C784E00C93B90 /* InvitacionesViewController.swift */; };
		D1A4E45E272C786E00C93B90 /* InvitacionesTableViewCell.swift in Sources */ = {isa = PBXBuildFile; fileRef = D1A4E45D272C786E00C93B90 /* InvitacionesTableViewCell.swift */; };
		D1A4E460272C8ABC00C93B90 /* Invitaciones.swift in Sources */ = {isa = PBXBuildFile; fileRef = D1A4E45F272C8ABC00C93B90 /* Invitaciones.swift */; };
		D1A4E468272CCA9400C93B90 /* AgregarTableViewCell.swift in Sources */ = {isa = PBXBuildFile; fileRef = D1A4E467272CCA9400C93B90 /* AgregarTableViewCell.swift */; };
		D1A4E46A272CCAA800C93B90 /* AgregarAmigosViewController.swift in Sources */ = {isa = PBXBuildFile; fileRef = D1A4E469272CCAA800C93B90 /* AgregarAmigosViewController.swift */; };
		D1A4E46C272CCF6400C93B90 /* Agregar.swift in Sources */ = {isa = PBXBuildFile; fileRef = D1A4E46B272CCF6400C93B90 /* Agregar.swift */; };
		D1C27032272F4D0200A890B3 /* ConfiguracionViewController.swift in Sources */ = {isa = PBXBuildFile; fileRef = D1C27031272F4D0200A890B3 /* ConfiguracionViewController.swift */; };
		D1C58D492725E98D003E7AEE /* GoogleService-Info.plist in Resources */ = {isa = PBXBuildFile; fileRef = D1C58D482725E98D003E7AEE /* GoogleService-Info.plist */; };
		D1C58D4B2725EA42003E7AEE /* LoginViewController.swift in Sources */ = {isa = PBXBuildFile; fileRef = D1C58D4A2725EA42003E7AEE /* LoginViewController.swift */; };
		D1C58D4D2725F573003E7AEE /* SignUpViewController.swift in Sources */ = {isa = PBXBuildFile; fileRef = D1C58D4C2725F573003E7AEE /* SignUpViewController.swift */; };
		D1C58D4F2725F59F003E7AEE /* FriendsViewController.swift in Sources */ = {isa = PBXBuildFile; fileRef = D1C58D4E2725F59F003E7AEE /* FriendsViewController.swift */; };
		D1C58D532725F9F6003E7AEE /* Usuario.swift in Sources */ = {isa = PBXBuildFile; fileRef = D1C58D522725F9F6003E7AEE /* Usuario.swift */; };
		D1C58D552725FC35003E7AEE /* UsuarioControlador.swift in Sources */ = {isa = PBXBuildFile; fileRef = D1C58D542725FC35003E7AEE /* UsuarioControlador.swift */; };
/* End PBXBuildFile section */

/* Begin PBXFileReference section */
		A2CBE4A7C616B0EC801B8D17 /* Pods_proyectoFinal_2.framework */ = {isa = PBXFileReference; explicitFileType = wrapper.framework; includeInIndex = 0; path = Pods_proyectoFinal_2.framework; sourceTree = BUILT_PRODUCTS_DIR; };
		A37BB06C9AC5B852370CF59E /* Pods-proyectoFinal-2.debug.xcconfig */ = {isa = PBXFileReference; includeInIndex = 1; lastKnownFileType = text.xcconfig; name = "Pods-proyectoFinal-2.debug.xcconfig"; path = "Target Support Files/Pods-proyectoFinal-2/Pods-proyectoFinal-2.debug.xcconfig"; sourceTree = "<group>"; };
		B3FCE70027237FD300D0D040 /* proyectoFinal-2.app */ = {isa = PBXFileReference; explicitFileType = wrapper.application; includeInIndex = 0; path = "proyectoFinal-2.app"; sourceTree = BUILT_PRODUCTS_DIR; };
		B3FCE70327237FD300D0D040 /* AppDelegate.swift */ = {isa = PBXFileReference; lastKnownFileType = sourcecode.swift; path = AppDelegate.swift; sourceTree = "<group>"; };
		B3FCE70527237FD300D0D040 /* SceneDelegate.swift */ = {isa = PBXFileReference; lastKnownFileType = sourcecode.swift; path = SceneDelegate.swift; sourceTree = "<group>"; };
		B3FCE70727237FD300D0D040 /* ViewController.swift */ = {isa = PBXFileReference; lastKnownFileType = sourcecode.swift; path = ViewController.swift; sourceTree = "<group>"; };
		B3FCE70A27237FD300D0D040 /* Base */ = {isa = PBXFileReference; lastKnownFileType = file.storyboard; name = Base; path = Base.lproj/Main.storyboard; sourceTree = "<group>"; };
		B3FCE70C27237FD400D0D040 /* Assets.xcassets */ = {isa = PBXFileReference; lastKnownFileType = folder.assetcatalog; path = Assets.xcassets; sourceTree = "<group>"; };
		B3FCE70F27237FD400D0D040 /* Base */ = {isa = PBXFileReference; lastKnownFileType = file.storyboard; name = Base; path = Base.lproj/LaunchScreen.storyboard; sourceTree = "<group>"; };
		B3FCE71127237FD400D0D040 /* Info.plist */ = {isa = PBXFileReference; lastKnownFileType = text.plist.xml; path = Info.plist; sourceTree = "<group>"; };
		D1645726272A271E00956D88 /* AmigosTableViewCell.swift */ = {isa = PBXFileReference; lastKnownFileType = sourcecode.swift; path = AmigosTableViewCell.swift; sourceTree = "<group>"; };
		D1A4E459272C660100C93B90 /* MenuViewController.swift */ = {isa = PBXFileReference; lastKnownFileType = sourcecode.swift; path = MenuViewController.swift; sourceTree = "<group>"; };
		D1A4E45B272C784E00C93B90 /* InvitacionesViewController.swift */ = {isa = PBXFileReference; lastKnownFileType = sourcecode.swift; path = InvitacionesViewController.swift; sourceTree = "<group>"; };
		D1A4E45D272C786E00C93B90 /* InvitacionesTableViewCell.swift */ = {isa = PBXFileReference; lastKnownFileType = sourcecode.swift; path = InvitacionesTableViewCell.swift; sourceTree = "<group>"; };
		D1A4E45F272C8ABC00C93B90 /* Invitaciones.swift */ = {isa = PBXFileReference; lastKnownFileType = sourcecode.swift; path = Invitaciones.swift; sourceTree = "<group>"; };
		D1A4E467272CCA9400C93B90 /* AgregarTableViewCell.swift */ = {isa = PBXFileReference; lastKnownFileType = sourcecode.swift; path = AgregarTableViewCell.swift; sourceTree = "<group>"; };
		D1A4E469272CCAA800C93B90 /* AgregarAmigosViewController.swift */ = {isa = PBXFileReference; lastKnownFileType = sourcecode.swift; path = AgregarAmigosViewController.swift; sourceTree = "<group>"; };
		D1A4E46B272CCF6400C93B90 /* Agregar.swift */ = {isa = PBXFileReference; lastKnownFileType = sourcecode.swift; path = Agregar.swift; sourceTree = "<group>"; };
		D1C27031272F4D0200A890B3 /* ConfiguracionViewController.swift */ = {isa = PBXFileReference; lastKnownFileType = sourcecode.swift; path = ConfiguracionViewController.swift; sourceTree = "<group>"; };
		D1C58D482725E98D003E7AEE /* GoogleService-Info.plist */ = {isa = PBXFileReference; fileEncoding = 4; lastKnownFileType = text.plist.xml; path = "GoogleService-Info.plist"; sourceTree = "<group>"; };
		D1C58D4A2725EA42003E7AEE /* LoginViewController.swift */ = {isa = PBXFileReference; lastKnownFileType = sourcecode.swift; path = LoginViewController.swift; sourceTree = "<group>"; };
		D1C58D4C2725F573003E7AEE /* SignUpViewController.swift */ = {isa = PBXFileReference; lastKnownFileType = sourcecode.swift; path = SignUpViewController.swift; sourceTree = "<group>"; };
		D1C58D4E2725F59F003E7AEE /* FriendsViewController.swift */ = {isa = PBXFileReference; lastKnownFileType = sourcecode.swift; path = FriendsViewController.swift; sourceTree = "<group>"; };
		D1C58D522725F9F6003E7AEE /* Usuario.swift */ = {isa = PBXFileReference; lastKnownFileType = sourcecode.swift; path = Usuario.swift; sourceTree = "<group>"; };
		D1C58D542725FC35003E7AEE /* UsuarioControlador.swift */ = {isa = PBXFileReference; lastKnownFileType = sourcecode.swift; path = UsuarioControlador.swift; sourceTree = "<group>"; };
		DA8B89A80D6F767474380610 /* Pods-proyectoFinal-2.release.xcconfig */ = {isa = PBXFileReference; includeInIndex = 1; lastKnownFileType = text.xcconfig; name = "Pods-proyectoFinal-2.release.xcconfig"; path = "Target Support Files/Pods-proyectoFinal-2/Pods-proyectoFinal-2.release.xcconfig"; sourceTree = "<group>"; };
/* End PBXFileReference section */

/* Begin PBXFrameworksBuildPhase section */
		B3FCE6FD27237FD300D0D040 /* Frameworks */ = {
			isa = PBXFrameworksBuildPhase;
			buildActionMask = 2147483647;
			files = (
				BF7D2CD9794B434562C6683B /* Pods_proyectoFinal_2.framework in Frameworks */,
			);
			runOnlyForDeploymentPostprocessing = 0;
		};
/* End PBXFrameworksBuildPhase section */

/* Begin PBXGroup section */
		B3FCE6F727237FD300D0D040 = {
			isa = PBXGroup;
			children = (
				B3FCE70227237FD300D0D040 /* proyectoFinal-2 */,
				B3FCE70127237FD300D0D040 /* Products */,
				E678E6ADBD5A399694FE5A06 /* Pods */,
				C182C98C0377F8FB9F5E75ED /* Frameworks */,
			);
			sourceTree = "<group>";
		};
		B3FCE70127237FD300D0D040 /* Products */ = {
			isa = PBXGroup;
			children = (
				B3FCE70027237FD300D0D040 /* proyectoFinal-2.app */,
			);
			name = Products;
			sourceTree = "<group>";
		};
		B3FCE70227237FD300D0D040 /* proyectoFinal-2 */ = {
			isa = PBXGroup;
			children = (
				D1645725272A270700956D88 /* tablas */,
				D1C58D512725F97B003E7AEE /* modelos */,
				D1C58D472725E887003E7AEE /* Controladores */,
				B3FCE70327237FD300D0D040 /* AppDelegate.swift */,
				B3FCE70527237FD300D0D040 /* SceneDelegate.swift */,
				B3FCE70727237FD300D0D040 /* ViewController.swift */,
				B3FCE70927237FD300D0D040 /* Main.storyboard */,
				B3FCE70C27237FD400D0D040 /* Assets.xcassets */,
				B3FCE70E27237FD400D0D040 /* LaunchScreen.storyboard */,
				D1C58D482725E98D003E7AEE /* GoogleService-Info.plist */,
				B3FCE71127237FD400D0D040 /* Info.plist */,
			);
			path = "proyectoFinal-2";
			sourceTree = "<group>";
		};
		C182C98C0377F8FB9F5E75ED /* Frameworks */ = {
			isa = PBXGroup;
			children = (
				A2CBE4A7C616B0EC801B8D17 /* Pods_proyectoFinal_2.framework */,
			);
			name = Frameworks;
			sourceTree = "<group>";
		};
		D1645725272A270700956D88 /* tablas */ = {
			isa = PBXGroup;
			children = (
				D1645726272A271E00956D88 /* AmigosTableViewCell.swift */,
				D1A4E45D272C786E00C93B90 /* InvitacionesTableViewCell.swift */,
				D1A4E467272CCA9400C93B90 /* AgregarTableViewCell.swift */,
			);
			path = tablas;
			sourceTree = "<group>";
		};
		D1C58D472725E887003E7AEE /* Controladores */ = {
			isa = PBXGroup;
			children = (
				D1C58D4A2725EA42003E7AEE /* LoginViewController.swift */,
				D1C58D4C2725F573003E7AEE /* SignUpViewController.swift */,
				D1C58D4E2725F59F003E7AEE /* FriendsViewController.swift */,
				D1A4E459272C660100C93B90 /* MenuViewController.swift */,
				D1A4E45B272C784E00C93B90 /* InvitacionesViewController.swift */,
				D1A4E469272CCAA800C93B90 /* AgregarAmigosViewController.swift */,
				D1C27031272F4D0200A890B3 /* ConfiguracionViewController.swift */,
			);
			path = Controladores;
			sourceTree = "<group>";
		};
		D1C58D512725F97B003E7AEE /* modelos */ = {
			isa = PBXGroup;
			children = (
				D1C58D522725F9F6003E7AEE /* Usuario.swift */,
				D1C58D542725FC35003E7AEE /* UsuarioControlador.swift */,
				D1A4E45F272C8ABC00C93B90 /* Invitaciones.swift */,
				D1A4E46B272CCF6400C93B90 /* Agregar.swift */,
			);
			path = modelos;
			sourceTree = "<group>";
		};
		E678E6ADBD5A399694FE5A06 /* Pods */ = {
			isa = PBXGroup;
			children = (
				A37BB06C9AC5B852370CF59E /* Pods-proyectoFinal-2.debug.xcconfig */,
				DA8B89A80D6F767474380610 /* Pods-proyectoFinal-2.release.xcconfig */,
			);
			path = Pods;
			sourceTree = "<group>";
		};
/* End PBXGroup section */

/* Begin PBXNativeTarget section */
		B3FCE6FF27237FD300D0D040 /* proyectoFinal-2 */ = {
			isa = PBXNativeTarget;
			buildConfigurationList = B3FCE71427237FD400D0D040 /* Build configuration list for PBXNativeTarget "proyectoFinal-2" */;
			buildPhases = (
				4B44724AE3BFF66E72C8E55E /* [CP] Check Pods Manifest.lock */,
				B3FCE6FC27237FD300D0D040 /* Sources */,
				B3FCE6FD27237FD300D0D040 /* Frameworks */,
				B3FCE6FE27237FD300D0D040 /* Resources */,
				1C3AB49249DF02EDBAB8033D /* [CP] Embed Pods Frameworks */,
			);
			buildRules = (
			);
			dependencies = (
			);
			name = "proyectoFinal-2";
			productName = "proyectoFinal-2";
			productReference = B3FCE70027237FD300D0D040 /* proyectoFinal-2.app */;
			productType = "com.apple.product-type.application";
		};
/* End PBXNativeTarget section */

/* Begin PBXProject section */
		B3FCE6F827237FD300D0D040 /* Project object */ = {
			isa = PBXProject;
			attributes = {
				LastSwiftUpdateCheck = 1240;
				LastUpgradeCheck = 1240;
				TargetAttributes = {
					B3FCE6FF27237FD300D0D040 = {
						CreatedOnToolsVersion = 12.4;
					};
				};
			};
			buildConfigurationList = B3FCE6FB27237FD300D0D040 /* Build configuration list for PBXProject "proyectoFinal-2" */;
			compatibilityVersion = "Xcode 9.3";
			developmentRegion = en;
			hasScannedForEncodings = 0;
			knownRegions = (
				en,
				Base,
			);
			mainGroup = B3FCE6F727237FD300D0D040;
			productRefGroup = B3FCE70127237FD300D0D040 /* Products */;
			projectDirPath = "";
			projectRoot = "";
			targets = (
				B3FCE6FF27237FD300D0D040 /* proyectoFinal-2 */,
			);
		};
/* End PBXProject section */

/* Begin PBXResourcesBuildPhase section */
		B3FCE6FE27237FD300D0D040 /* Resources */ = {
			isa = PBXResourcesBuildPhase;
			buildActionMask = 2147483647;
			files = (
				B3FCE71027237FD400D0D040 /* LaunchScreen.storyboard in Resources */,
				D1C58D492725E98D003E7AEE /* GoogleService-Info.plist in Resources */,
				B3FCE70D27237FD400D0D040 /* Assets.xcassets in Resources */,
				B3FCE70B27237FD300D0D040 /* Main.storyboard in Resources */,
			);
			runOnlyForDeploymentPostprocessing = 0;
		};
/* End PBXResourcesBuildPhase section */

/* Begin PBXShellScriptBuildPhase section */
		1C3AB49249DF02EDBAB8033D /* [CP] Embed Pods Frameworks */ = {
			isa = PBXShellScriptBuildPhase;
			buildActionMask = 2147483647;
			files = (
			);
			inputFileListPaths = (
				"${PODS_ROOT}/Target Support Files/Pods-proyectoFinal-2/Pods-proyectoFinal-2-frameworks-${CONFIGURATION}-input-files.xcfilelist",
			);
			name = "[CP] Embed Pods Frameworks";
			outputFileListPaths = (
				"${PODS_ROOT}/Target Support Files/Pods-proyectoFinal-2/Pods-proyectoFinal-2-frameworks-${CONFIGURATION}-output-files.xcfilelist",
			);
			runOnlyForDeploymentPostprocessing = 0;
			shellPath = /bin/sh;
			shellScript = "\"${PODS_ROOT}/Target Support Files/Pods-proyectoFinal-2/Pods-proyectoFinal-2-frameworks.sh\"\n";
			showEnvVarsInLog = 0;
		};
		4B44724AE3BFF66E72C8E55E /* [CP] Check Pods Manifest.lock */ = {
			isa = PBXShellScriptBuildPhase;
			buildActionMask = 2147483647;
			files = (
			);
			inputFileListPaths = (
			);
			inputPaths = (
				"${PODS_PODFILE_DIR_PATH}/Podfile.lock",
				"${PODS_ROOT}/Manifest.lock",
			);
			name = "[CP] Check Pods Manifest.lock";
			outputFileListPaths = (
			);
			outputPaths = (
				"$(DERIVED_FILE_DIR)/Pods-proyectoFinal-2-checkManifestLockResult.txt",
			);
			runOnlyForDeploymentPostprocessing = 0;
			shellPath = /bin/sh;
			shellScript = "diff \"${PODS_PODFILE_DIR_PATH}/Podfile.lock\" \"${PODS_ROOT}/Manifest.lock\" > /dev/null\nif [ $? != 0 ] ; then\n    # print error to STDERR\n    echo \"error: The sandbox is not in sync with the Podfile.lock. Run 'pod install' or update your CocoaPods installation.\" >&2\n    exit 1\nfi\n# This output is used by Xcode 'outputs' to avoid re-running this script phase.\necho \"SUCCESS\" > \"${SCRIPT_OUTPUT_FILE_0}\"\n";
			showEnvVarsInLog = 0;
		};
/* End PBXShellScriptBuildPhase section */

/* Begin PBXSourcesBuildPhase section */
		B3FCE6FC27237FD300D0D040 /* Sources */ = {
			isa = PBXSourcesBuildPhase;
			buildActionMask = 2147483647;
			files = (
				D1C58D4B2725EA42003E7AEE /* LoginViewController.swift in Sources */,
				D1A4E46C272CCF6400C93B90 /* Agregar.swift in Sources */,
				D1A4E45A272C660100C93B90 /* MenuViewController.swift in Sources */,
				D1A4E45C272C784E00C93B90 /* InvitacionesViewController.swift in Sources */,
				D1A4E468272CCA9400C93B90 /* AgregarTableViewCell.swift in Sources */,
				D1C27032272F4D0200A890B3 /* ConfiguracionViewController.swift in Sources */,
				D1645727272A271E00956D88 /* AmigosTableViewCell.swift in Sources */,
				B3FCE70827237FD300D0D040 /* ViewController.swift in Sources */,
				D1A4E45E272C786E00C93B90 /* InvitacionesTableViewCell.swift in Sources */,
				D1A4E46A272CCAA800C93B90 /* AgregarAmigosViewController.swift in Sources */,
				D1C58D552725FC35003E7AEE /* UsuarioControlador.swift in Sources */,
				D1C58D532725F9F6003E7AEE /* Usuario.swift in Sources */,
				D1A4E460272C8ABC00C93B90 /* Invitaciones.swift in Sources */,
				B3FCE70427237FD300D0D040 /* AppDelegate.swift in Sources */,
				B3FCE70627237FD300D0D040 /* SceneDelegate.swift in Sources */,
				D1C58D4F2725F59F003E7AEE /* FriendsViewController.swift in Sources */,
				D1C58D4D2725F573003E7AEE /* SignUpViewController.swift in Sources */,
			);
			runOnlyForDeploymentPostprocessing = 0;
		};
/* End PBXSourcesBuildPhase section */

/* Begin PBXVariantGroup section */
		B3FCE70927237FD300D0D040 /* Main.storyboard */ = {
			isa = PBXVariantGroup;
			children = (
				B3FCE70A27237FD300D0D040 /* Base */,
			);
			name = Main.storyboard;
			sourceTree = "<group>";
		};
		B3FCE70E27237FD400D0D040 /* LaunchScreen.storyboard */ = {
			isa = PBXVariantGroup;
			children = (
				B3FCE70F27237FD400D0D040 /* Base */,
			);
			name = LaunchScreen.storyboard;
			sourceTree = "<group>";
		};
/* End PBXVariantGroup section */

/* Begin XCBuildConfiguration section */
		B3FCE71227237FD400D0D040 /* Debug */ = {
			isa = XCBuildConfiguration;
			buildSettings = {
				ALWAYS_SEARCH_USER_PATHS = NO;
				CLANG_ANALYZER_NONNULL = YES;
				CLANG_ANALYZER_NUMBER_OBJECT_CONVERSION = YES_AGGRESSIVE;
				CLANG_CXX_LANGUAGE_STANDARD = "gnu++14";
				CLANG_CXX_LIBRARY = "libc++";
				CLANG_ENABLE_MODULES = YES;
				CLANG_ENABLE_OBJC_ARC = YES;
				CLANG_ENABLE_OBJC_WEAK = YES;
				CLANG_WARN_BLOCK_CAPTURE_AUTORELEASING = YES;
				CLANG_WARN_BOOL_CONVERSION = YES;
				CLANG_WARN_COMMA = YES;
				CLANG_WARN_CONSTANT_CONVERSION = YES;
				CLANG_WARN_DEPRECATED_OBJC_IMPLEMENTATIONS = YES;
				CLANG_WARN_DIRECT_OBJC_ISA_USAGE = YES_ERROR;
				CLANG_WARN_DOCUMENTATION_COMMENTS = YES;
				CLANG_WARN_EMPTY_BODY = YES;
				CLANG_WARN_ENUM_CONVERSION = YES;
				CLANG_WARN_INFINITE_RECURSION = YES;
				CLANG_WARN_INT_CONVERSION = YES;
				CLANG_WARN_NON_LITERAL_NULL_CONVERSION = YES;
				CLANG_WARN_OBJC_IMPLICIT_RETAIN_SELF = YES;
				CLANG_WARN_OBJC_LITERAL_CONVERSION = YES;
				CLANG_WARN_OBJC_ROOT_CLASS = YES_ERROR;
				CLANG_WARN_QUOTED_INCLUDE_IN_FRAMEWORK_HEADER = YES;
				CLANG_WARN_RANGE_LOOP_ANALYSIS = YES;
				CLANG_WARN_STRICT_PROTOTYPES = YES;
				CLANG_WARN_SUSPICIOUS_MOVE = YES;
				CLANG_WARN_UNGUARDED_AVAILABILITY = YES_AGGRESSIVE;
				CLANG_WARN_UNREACHABLE_CODE = YES;
				CLANG_WARN__DUPLICATE_METHOD_MATCH = YES;
				COPY_PHASE_STRIP = NO;
				DEBUG_INFORMATION_FORMAT = dwarf;
				ENABLE_STRICT_OBJC_MSGSEND = YES;
				ENABLE_TESTABILITY = YES;
				GCC_C_LANGUAGE_STANDARD = gnu11;
				GCC_DYNAMIC_NO_PIC = NO;
				GCC_NO_COMMON_BLOCKS = YES;
				GCC_OPTIMIZATION_LEVEL = 0;
				GCC_PREPROCESSOR_DEFINITIONS = (
					"DEBUG=1",
					"$(inherited)",
				);
				GCC_WARN_64_TO_32_BIT_CONVERSION = YES;
				GCC_WARN_ABOUT_RETURN_TYPE = YES_ERROR;
				GCC_WARN_UNDECLARED_SELECTOR = YES;
				GCC_WARN_UNINITIALIZED_AUTOS = YES_AGGRESSIVE;
				GCC_WARN_UNUSED_FUNCTION = YES;
				GCC_WARN_UNUSED_VARIABLE = YES;
				IPHONEOS_DEPLOYMENT_TARGET = 14.4;
				MTL_ENABLE_DEBUG_INFO = INCLUDE_SOURCE;
				MTL_FAST_MATH = YES;
				ONLY_ACTIVE_ARCH = YES;
				SDKROOT = iphoneos;
				SWIFT_ACTIVE_COMPILATION_CONDITIONS = DEBUG;
				SWIFT_OPTIMIZATION_LEVEL = "-Onone";
			};
			name = Debug;
		};
		B3FCE71327237FD400D0D040 /* Release */ = {
			isa = XCBuildConfiguration;
			buildSettings = {
				ALWAYS_SEARCH_USER_PATHS = NO;
				CLANG_ANALYZER_NONNULL = YES;
				CLANG_ANALYZER_NUMBER_OBJECT_CONVERSION = YES_AGGRESSIVE;
				CLANG_CXX_LANGUAGE_STANDARD = "gnu++14";
				CLANG_CXX_LIBRARY = "libc++";
				CLANG_ENABLE_MODULES = YES;
				CLANG_ENABLE_OBJC_ARC = YES;
				CLANG_ENABLE_OBJC_WEAK = YES;
				CLANG_WARN_BLOCK_CAPTURE_AUTORELEASING = YES;
				CLANG_WARN_BOOL_CONVERSION = YES;
				CLANG_WARN_COMMA = YES;
				CLANG_WARN_CONSTANT_CONVERSION = YES;
				CLANG_WARN_DEPRECATED_OBJC_IMPLEMENTATIONS = YES;
				CLANG_WARN_DIRECT_OBJC_ISA_USAGE = YES_ERROR;
				CLANG_WARN_DOCUMENTATION_COMMENTS = YES;
				CLANG_WARN_EMPTY_BODY = YES;
				CLANG_WARN_ENUM_CONVERSION = YES;
				CLANG_WARN_INFINITE_RECURSION = YES;
				CLANG_WARN_INT_CONVERSION = YES;
				CLANG_WARN_NON_LITERAL_NULL_CONVERSION = YES;
				CLANG_WARN_OBJC_IMPLICIT_RETAIN_SELF = YES;
				CLANG_WARN_OBJC_LITERAL_CONVERSION = YES;
				CLANG_WARN_OBJC_ROOT_CLASS = YES_ERROR;
				CLANG_WARN_QUOTED_INCLUDE_IN_FRAMEWORK_HEADER = YES;
				CLANG_WARN_RANGE_LOOP_ANALYSIS = YES;
				CLANG_WARN_STRICT_PROTOTYPES = YES;
				CLANG_WARN_SUSPICIOUS_MOVE = YES;
				CLANG_WARN_UNGUARDED_AVAILABILITY = YES_AGGRESSIVE;
				CLANG_WARN_UNREACHABLE_CODE = YES;
				CLANG_WARN__DUPLICATE_METHOD_MATCH = YES;
				COPY_PHASE_STRIP = NO;
				DEBUG_INFORMATION_FORMAT = "dwarf-with-dsym";
				ENABLE_NS_ASSERTIONS = NO;
				ENABLE_STRICT_OBJC_MSGSEND = YES;
				GCC_C_LANGUAGE_STANDARD = gnu11;
				GCC_NO_COMMON_BLOCKS = YES;
				GCC_WARN_64_TO_32_BIT_CONVERSION = YES;
				GCC_WARN_ABOUT_RETURN_TYPE = YES_ERROR;
				GCC_WARN_UNDECLARED_SELECTOR = YES;
				GCC_WARN_UNINITIALIZED_AUTOS = YES_AGGRESSIVE;
				GCC_WARN_UNUSED_FUNCTION = YES;
				GCC_WARN_UNUSED_VARIABLE = YES;
				IPHONEOS_DEPLOYMENT_TARGET = 14.4;
				MTL_ENABLE_DEBUG_INFO = NO;
				MTL_FAST_MATH = YES;
				SDKROOT = iphoneos;
				SWIFT_COMPILATION_MODE = wholemodule;
				SWIFT_OPTIMIZATION_LEVEL = "-O";
				VALIDATE_PRODUCT = YES;
			};
			name = Release;
		};
		B3FCE71527237FD400D0D040 /* Debug */ = {
			isa = XCBuildConfiguration;
			baseConfigurationReference = A37BB06C9AC5B852370CF59E /* Pods-proyectoFinal-2.debug.xcconfig */;
			buildSettings = {
				ASSETCATALOG_COMPILER_APPICON_NAME = AppIcon;
				ASSETCATALOG_COMPILER_GLOBAL_ACCENT_COLOR_NAME = AccentColor;
				CODE_SIGN_STYLE = Automatic;
				INFOPLIST_FILE = "proyectoFinal-2/Info.plist";
				LD_RUNPATH_SEARCH_PATHS = (
					"$(inherited)",
					"@executable_path/Frameworks",
				);
				PRODUCT_BUNDLE_IDENTIFIER = "mx.Equipo8.proyectoFinal-2";
				PRODUCT_NAME = "$(TARGET_NAME)";
				SWIFT_VERSION = 5.0;
				TARGETED_DEVICE_FAMILY = "1,2";
			};
			name = Debug;
		};
		B3FCE71627237FD400D0D040 /* Release */ = {
			isa = XCBuildConfiguration;
			baseConfigurationReference = DA8B89A80D6F767474380610 /* Pods-proyectoFinal-2.release.xcconfig */;
			buildSettings = {
				ASSETCATALOG_COMPILER_APPICON_NAME = AppIcon;
				ASSETCATALOG_COMPILER_GLOBAL_ACCENT_COLOR_NAME = AccentColor;
				CODE_SIGN_STYLE = Automatic;
				INFOPLIST_FILE = "proyectoFinal-2/Info.plist";
				LD_RUNPATH_SEARCH_PATHS = (
					"$(inherited)",
					"@executable_path/Frameworks",
				);
				PRODUCT_BUNDLE_IDENTIFIER = "mx.Equipo8.proyectoFinal-2";
				PRODUCT_NAME = "$(TARGET_NAME)";
				SWIFT_VERSION = 5.0;
				TARGETED_DEVICE_FAMILY = "1,2";
			};
			name = Release;
		};
/* End XCBuildConfiguration section */

/* Begin XCConfigurationList section */
		B3FCE6FB27237FD300D0D040 /* Build configuration list for PBXProject "proyectoFinal-2" */ = {
			isa = XCConfigurationList;
			buildConfigurations = (
				B3FCE71227237FD400D0D040 /* Debug */,
				B3FCE71327237FD400D0D040 /* Release */,
			);
			defaultConfigurationIsVisible = 0;
			defaultConfigurationName = Release;
		};
		B3FCE71427237FD400D0D040 /* Build configuration list for PBXNativeTarget "proyectoFinal-2" */ = {
			isa = XCConfigurationList;
			buildConfigurations = (
				B3FCE71527237FD400D0D040 /* Debug */,
				B3FCE71627237FD400D0D040 /* Release */,
			);
			defaultConfigurationIsVisible = 0;
			defaultConfigurationName = Release;
		};
/* End XCConfigurationList section */
	};
	rootObject = B3FCE6F827237FD300D0D040 /* Project object */;
}
